
Microsoft Visual Studio Solution File, Format Version 12.00
# Visual Studio 15
VisualStudioVersion = 15.0.26730.8
MinimumVisualStudioVersion = 10.0.40219.1
Project("{2150E333-8FDC-42A3-9474-1A3956D46DE8}") = "Solution Items", "Solution Items", "{AF38CE76-E3D2-4864-AAAE-B1F4C4BFF3EF}"
	ProjectSection(SolutionItems) = preProject
		.gitattributes = .gitattributes
		.gitignore = .gitignore
		LICENSE.txt = LICENSE.txt
		README.md = README.md
	EndProjectSection
EndProject
Project("{9A19103F-16F7-4668-BE54-9A1E7A4F7556}") = "Daknis.IO", "Daknis.IO\Daknis.IO.csproj", "{C4FEEC35-57FA-4604-8368-22646CDDF830}"
EndProject
Project("{9A19103F-16F7-4668-BE54-9A1E7A4F7556}") = "Daknis.IO.Tests", "Daknis.IO.Tests\Daknis.IO.Tests.csproj", "{790AD074-629E-45C0-A3D0-5D413AB01128}"
EndProject
Global
	GlobalSection(SolutionConfigurationPlatforms) = preSolution
		Debug|Any CPU = Debug|Any CPU
		Release|Any CPU = Release|Any CPU
	EndGlobalSection
	GlobalSection(ProjectConfigurationPlatforms) = postSolution
		{C4FEEC35-57FA-4604-8368-22646CDDF830}.Debug|Any CPU.ActiveCfg = Debug|Any CPU
		{C4FEEC35-57FA-4604-8368-22646CDDF830}.Debug|Any CPU.Build.0 = Debug|Any CPU
		{C4FEEC35-57FA-4604-8368-22646CDDF830}.Release|Any CPU.ActiveCfg = Release|Any CPU
		{C4FEEC35-57FA-4604-8368-22646CDDF830}.Release|Any CPU.Build.0 = Release|Any CPU
		{790AD074-629E-45C0-A3D0-5D413AB01128}.Debug|Any CPU.ActiveCfg = Debug|Any CPU
		{790AD074-629E-45C0-A3D0-5D413AB01128}.Debug|Any CPU.Build.0 = Debug|Any CPU
		{790AD074-629E-45C0-A3D0-5D413AB01128}.Release|Any CPU.ActiveCfg = Release|Any CPU
		{790AD074-629E-45C0-A3D0-5D413AB01128}.Release|Any CPU.Build.0 = Release|Any CPU
	EndGlobalSection
	GlobalSection(SolutionProperties) = preSolution
		HideSolutionNode = FALSE
	EndGlobalSection
	GlobalSection(ExtensibilityGlobals) = postSolution
		SolutionGuid = {B5156ABA-52EC-4DF6-B44C-05751CD9CB2A}
	EndGlobalSection
EndGlobal
